// !$*UTF8*$!
{
	archiveVersion = 1;
	classes = {
	};
	objectVersion = 48;
	objects = {

/* Begin PBXBuildFile section */
		119A35F91FB3BC210072448F /* Charts.framework in Frameworks */ = {isa = PBXBuildFile; fileRef = 119A35F61FB3BBFE0072448F /* Charts.framework */; };
		119A35FA1FB3BC210072448F /* Charts.framework in Embed Frameworks */ = {isa = PBXBuildFile; fileRef = 119A35F61FB3BBFE0072448F /* Charts.framework */; settings = {ATTRIBUTES = (CodeSignOnCopy, RemoveHeadersOnCopy, ); }; };
		119A35FE1FB3C4690072448F /* EnterDataController.swift in Sources */ = {isa = PBXBuildFile; fileRef = 119A35FD1FB3C4690072448F /* EnterDataController.swift */; };
		119A36001FB3C4A70072448F /* DataDetailController.swift in Sources */ = {isa = PBXBuildFile; fileRef = 119A35FF1FB3C4A70072448F /* DataDetailController.swift */; };
		119A36021FB3C7990072448F /* ChooseDateController.swift in Sources */ = {isa = PBXBuildFile; fileRef = 119A36011FB3C7990072448F /* ChooseDateController.swift */; };
		119A36041FB3C83D0072448F /* MapController.swift in Sources */ = {isa = PBXBuildFile; fileRef = 119A36031FB3C83D0072448F /* MapController.swift */; };
		119A36061FB3C8660072448F /* GraphController.swift in Sources */ = {isa = PBXBuildFile; fileRef = 119A36051FB3C8660072448F /* GraphController.swift */; };
		119A36081FB3CB020072448F /* NetHandler.swift in Sources */ = {isa = PBXBuildFile; fileRef = 119A36071FB3CB020072448F /* NetHandler.swift */; };
		119A360C1FB3CB2E0072448F /* SharedData.swift in Sources */ = {isa = PBXBuildFile; fileRef = 119A360B1FB3CB2E0072448F /* SharedData.swift */; };
		119A360E1FB3CCB10072448F /* OperationsManager.swift in Sources */ = {isa = PBXBuildFile; fileRef = 119A360D1FB3CCB00072448F /* OperationsManager.swift */; };
		119A36101FB3D0880072448F /* RatData.swift in Sources */ = {isa = PBXBuildFile; fileRef = 119A360F1FB3D0880072448F /* RatData.swift */; };
		119A36121FB3DB8F0072448F /* AuthHandler.swift in Sources */ = {isa = PBXBuildFile; fileRef = 119A36111FB3DB8F0072448F /* AuthHandler.swift */; };
		119A36141FB3E0780072448F /* DataHandler.swift in Sources */ = {isa = PBXBuildFile; fileRef = 119A36131FB3E0780072448F /* DataHandler.swift */; };
		11A664931FB3A19200EEBF8E /* AppDelegate.swift in Sources */ = {isa = PBXBuildFile; fileRef = 11A664921FB3A19200EEBF8E /* AppDelegate.swift */; };
		11A664951FB3A19200EEBF8E /* WelcomeController.swift in Sources */ = {isa = PBXBuildFile; fileRef = 11A664941FB3A19200EEBF8E /* WelcomeController.swift */; };
		11A664981FB3A19200EEBF8E /* Main.storyboard in Resources */ = {isa = PBXBuildFile; fileRef = 11A664961FB3A19200EEBF8E /* Main.storyboard */; };
		11A6649A1FB3A19200EEBF8E /* Assets.xcassets in Resources */ = {isa = PBXBuildFile; fileRef = 11A664991FB3A19200EEBF8E /* Assets.xcassets */; };
		11A6649D1FB3A19200EEBF8E /* LaunchScreen.storyboard in Resources */ = {isa = PBXBuildFile; fileRef = 11A6649B1FB3A19200EEBF8E /* LaunchScreen.storyboard */; };
		11A664A81FB3A19300EEBF8E /* PAVYL_iOSTests.swift in Sources */ = {isa = PBXBuildFile; fileRef = 11A664A71FB3A19300EEBF8E /* PAVYL_iOSTests.swift */; };
		11A664B31FB3A19300EEBF8E /* PAVYL_iOSUITests.swift in Sources */ = {isa = PBXBuildFile; fileRef = 11A664B21FB3A19300EEBF8E /* PAVYL_iOSUITests.swift */; };
		11A664DE1FB3B41100EEBF8E /* LoginController.swift in Sources */ = {isa = PBXBuildFile; fileRef = 11A664DD1FB3B41100EEBF8E /* LoginController.swift */; };
		11A664E01FB3B43900EEBF8E /* RegisterController.swift in Sources */ = {isa = PBXBuildFile; fileRef = 11A664DF1FB3B43900EEBF8E /* RegisterController.swift */; };
		11A664E21FB3B44900EEBF8E /* MainController.swift in Sources */ = {isa = PBXBuildFile; fileRef = 11A664E11FB3B44900EEBF8E /* MainController.swift */; };
		11A664E41FB3B56700EEBF8E /* RatDataListController.swift in Sources */ = {isa = PBXBuildFile; fileRef = 11A664E31FB3B56700EEBF8E /* RatDataListController.swift */; };
/* End PBXBuildFile section */

/* Begin PBXContainerItemProxy section */
		119A35F51FB3BBFE0072448F /* PBXContainerItemProxy */ = {
			isa = PBXContainerItemProxy;
			containerPortal = 119A35F01FB3BBFD0072448F /* Charts.xcodeproj */;
			proxyType = 2;
			remoteGlobalIDString = 65AD9E95D9ED4DC0BD73A743;
			remoteInfo = Charts;
		};
		119A35F71FB3BBFE0072448F /* PBXContainerItemProxy */ = {
			isa = PBXContainerItemProxy;
			containerPortal = 119A35F01FB3BBFD0072448F /* Charts.xcodeproj */;
			proxyType = 2;
			remoteGlobalIDString = 1CBBC58C6CE1EBEE9852CE41;
			remoteInfo = ChartsTests;
		};
		119A35FB1FB3BC210072448F /* PBXContainerItemProxy */ = {
			isa = PBXContainerItemProxy;
			containerPortal = 119A35F01FB3BBFD0072448F /* Charts.xcodeproj */;
			proxyType = 1;
			remoteGlobalIDString = A58A4ED274A941CA248EA921;
			remoteInfo = Charts;
		};
		11A664A41FB3A19300EEBF8E /* PBXContainerItemProxy */ = {
			isa = PBXContainerItemProxy;
			containerPortal = 11A664871FB3A19200EEBF8E /* Project object */;
			proxyType = 1;
			remoteGlobalIDString = 11A6648E1FB3A19200EEBF8E;
			remoteInfo = "PAVYL-iOS";
		};
		11A664AF1FB3A19300EEBF8E /* PBXContainerItemProxy */ = {
			isa = PBXContainerItemProxy;
			containerPortal = 11A664871FB3A19200EEBF8E /* Project object */;
			proxyType = 1;
			remoteGlobalIDString = 11A6648E1FB3A19200EEBF8E;
			remoteInfo = "PAVYL-iOS";
		};
/* End PBXContainerItemProxy section */

/* Begin PBXCopyFilesBuildPhase section */
		11A664CD1FB3AA3A00EEBF8E /* Embed Frameworks */ = {
			isa = PBXCopyFilesBuildPhase;
			buildActionMask = 2147483647;
			dstPath = "";
			dstSubfolderSpec = 10;
			files = (
				119A35FA1FB3BC210072448F /* Charts.framework in Embed Frameworks */,
			);
			name = "Embed Frameworks";
			runOnlyForDeploymentPostprocessing = 0;
		};
/* End PBXCopyFilesBuildPhase section */

/* Begin PBXFileReference section */
		119A35ED1FB3BBC70072448F /* PAVYL-iOS.xcodeproj */ = {isa = PBXFileReference; lastKnownFileType = "wrapper.pb-project"; path = "PAVYL-iOS.xcodeproj"; sourceTree = "<group>"; };
		119A35F01FB3BBFD0072448F /* Charts.xcodeproj */ = {isa = PBXFileReference; lastKnownFileType = "wrapper.pb-project"; name = Charts.xcodeproj; path = "Charts-3.0.4/Charts.xcodeproj"; sourceTree = "<group>"; };
		119A35FD1FB3C4690072448F /* EnterDataController.swift */ = {isa = PBXFileReference; lastKnownFileType = sourcecode.swift; path = EnterDataController.swift; sourceTree = "<group>"; };
		119A35FF1FB3C4A70072448F /* DataDetailController.swift */ = {isa = PBXFileReference; lastKnownFileType = sourcecode.swift; path = DataDetailController.swift; sourceTree = "<group>"; };
		119A36011FB3C7990072448F /* ChooseDateController.swift */ = {isa = PBXFileReference; lastKnownFileType = sourcecode.swift; path = ChooseDateController.swift; sourceTree = "<group>"; };
		119A36031FB3C83D0072448F /* MapController.swift */ = {isa = PBXFileReference; lastKnownFileType = sourcecode.swift; path = MapController.swift; sourceTree = "<group>"; };
		119A36051FB3C8660072448F /* GraphController.swift */ = {isa = PBXFileReference; lastKnownFileType = sourcecode.swift; path = GraphController.swift; sourceTree = "<group>"; };
		119A36071FB3CB020072448F /* NetHandler.swift */ = {isa = PBXFileReference; fileEncoding = 4; lastKnownFileType = sourcecode.swift; path = NetHandler.swift; sourceTree = "<group>"; };
		119A360B1FB3CB2E0072448F /* SharedData.swift */ = {isa = PBXFileReference; lastKnownFileType = sourcecode.swift; path = SharedData.swift; sourceTree = "<group>"; };
		119A360D1FB3CCB00072448F /* OperationsManager.swift */ = {isa = PBXFileReference; fileEncoding = 4; lastKnownFileType = sourcecode.swift; path = OperationsManager.swift; sourceTree = "<group>"; };
		119A360F1FB3D0880072448F /* RatData.swift */ = {isa = PBXFileReference; lastKnownFileType = sourcecode.swift; path = RatData.swift; sourceTree = "<group>"; };
		119A36111FB3DB8F0072448F /* AuthHandler.swift */ = {isa = PBXFileReference; lastKnownFileType = sourcecode.swift; path = AuthHandler.swift; sourceTree = "<group>"; };
		119A36131FB3E0780072448F /* DataHandler.swift */ = {isa = PBXFileReference; lastKnownFileType = sourcecode.swift; path = DataHandler.swift; sourceTree = "<group>"; };
		11A6648F1FB3A19200EEBF8E /* PAVYL-iOS.app */ = {isa = PBXFileReference; explicitFileType = wrapper.application; includeInIndex = 0; path = "PAVYL-iOS.app"; sourceTree = BUILT_PRODUCTS_DIR; };
		11A664921FB3A19200EEBF8E /* AppDelegate.swift */ = {isa = PBXFileReference; lastKnownFileType = sourcecode.swift; path = AppDelegate.swift; sourceTree = "<group>"; };
		11A664941FB3A19200EEBF8E /* WelcomeController.swift */ = {isa = PBXFileReference; lastKnownFileType = sourcecode.swift; path = WelcomeController.swift; sourceTree = "<group>"; };
		11A664971FB3A19200EEBF8E /* Base */ = {isa = PBXFileReference; lastKnownFileType = file.storyboard; name = Base; path = Base.lproj/Main.storyboard; sourceTree = "<group>"; };
		11A664991FB3A19200EEBF8E /* Assets.xcassets */ = {isa = PBXFileReference; lastKnownFileType = folder.assetcatalog; path = Assets.xcassets; sourceTree = "<group>"; };
		11A6649C1FB3A19200EEBF8E /* Base */ = {isa = PBXFileReference; lastKnownFileType = file.storyboard; name = Base; path = Base.lproj/LaunchScreen.storyboard; sourceTree = "<group>"; };
		11A6649E1FB3A19200EEBF8E /* Info.plist */ = {isa = PBXFileReference; lastKnownFileType = text.plist.xml; path = Info.plist; sourceTree = "<group>"; };
		11A664A31FB3A19300EEBF8E /* PAVYL-iOSTests.xctest */ = {isa = PBXFileReference; explicitFileType = wrapper.cfbundle; includeInIndex = 0; path = "PAVYL-iOSTests.xctest"; sourceTree = BUILT_PRODUCTS_DIR; };
		11A664A71FB3A19300EEBF8E /* PAVYL_iOSTests.swift */ = {isa = PBXFileReference; lastKnownFileType = sourcecode.swift; path = PAVYL_iOSTests.swift; sourceTree = "<group>"; };
		11A664A91FB3A19300EEBF8E /* Info.plist */ = {isa = PBXFileReference; lastKnownFileType = text.plist.xml; path = Info.plist; sourceTree = "<group>"; };
		11A664AE1FB3A19300EEBF8E /* PAVYL-iOSUITests.xctest */ = {isa = PBXFileReference; explicitFileType = wrapper.cfbundle; includeInIndex = 0; path = "PAVYL-iOSUITests.xctest"; sourceTree = BUILT_PRODUCTS_DIR; };
		11A664B21FB3A19300EEBF8E /* PAVYL_iOSUITests.swift */ = {isa = PBXFileReference; lastKnownFileType = sourcecode.swift; path = PAVYL_iOSUITests.swift; sourceTree = "<group>"; };
		11A664B41FB3A19300EEBF8E /* Info.plist */ = {isa = PBXFileReference; lastKnownFileType = text.plist.xml; path = Info.plist; sourceTree = "<group>"; };
		11A664DD1FB3B41100EEBF8E /* LoginController.swift */ = {isa = PBXFileReference; lastKnownFileType = sourcecode.swift; path = LoginController.swift; sourceTree = "<group>"; };
		11A664DF1FB3B43900EEBF8E /* RegisterController.swift */ = {isa = PBXFileReference; lastKnownFileType = sourcecode.swift; path = RegisterController.swift; sourceTree = "<group>"; };
		11A664E11FB3B44900EEBF8E /* MainController.swift */ = {isa = PBXFileReference; lastKnownFileType = sourcecode.swift; path = MainController.swift; sourceTree = "<group>"; };
		11A664E31FB3B56700EEBF8E /* RatDataListController.swift */ = {isa = PBXFileReference; lastKnownFileType = sourcecode.swift; path = RatDataListController.swift; sourceTree = "<group>"; };
/* End PBXFileReference section */

/* Begin PBXFrameworksBuildPhase section */
		11A6648C1FB3A19200EEBF8E /* Frameworks */ = {
			isa = PBXFrameworksBuildPhase;
			buildActionMask = 2147483647;
			files = (
				119A35F91FB3BC210072448F /* Charts.framework in Frameworks */,
			);
			runOnlyForDeploymentPostprocessing = 0;
		};
		11A664A01FB3A19300EEBF8E /* Frameworks */ = {
			isa = PBXFrameworksBuildPhase;
			buildActionMask = 2147483647;
			files = (
			);
			runOnlyForDeploymentPostprocessing = 0;
		};
		11A664AB1FB3A19300EEBF8E /* Frameworks */ = {
			isa = PBXFrameworksBuildPhase;
			buildActionMask = 2147483647;
			files = (
			);
			runOnlyForDeploymentPostprocessing = 0;
		};
/* End PBXFrameworksBuildPhase section */

/* Begin PBXGroup section */
		119A35EE1FB3BBC70072448F /* Products */ = {
			isa = PBXGroup;
			name = Products;
			sourceTree = "<group>";
		};
		119A35F11FB3BBFD0072448F /* Products */ = {
			isa = PBXGroup;
			children = (
				119A35F61FB3BBFE0072448F /* Charts.framework */,
				119A35F81FB3BBFE0072448F /* ChartsTests.xctest */,
			);
			name = Products;
			sourceTree = "<group>";
		};
		11A664861FB3A19200EEBF8E = {
			isa = PBXGroup;
			children = (
				119A35F01FB3BBFD0072448F /* Charts.xcodeproj */,
				119A35ED1FB3BBC70072448F /* PAVYL-iOS.xcodeproj */,
				11A664911FB3A19200EEBF8E /* PAVYL-iOS */,
				11A664A61FB3A19300EEBF8E /* PAVYL-iOSTests */,
				11A664B11FB3A19300EEBF8E /* PAVYL-iOSUITests */,
				11A664901FB3A19200EEBF8E /* Products */,
			);
			sourceTree = "<group>";
		};
		11A664901FB3A19200EEBF8E /* Products */ = {
			isa = PBXGroup;
			children = (
				11A6648F1FB3A19200EEBF8E /* PAVYL-iOS.app */,
				11A664A31FB3A19300EEBF8E /* PAVYL-iOSTests.xctest */,
				11A664AE1FB3A19300EEBF8E /* PAVYL-iOSUITests.xctest */,
			);
			name = Products;
			sourceTree = "<group>";
		};
		11A664911FB3A19200EEBF8E /* PAVYL-iOS */ = {
			isa = PBXGroup;
			children = (
				119A360D1FB3CCB00072448F /* OperationsManager.swift */,
				119A36071FB3CB020072448F /* NetHandler.swift */,
				11A664921FB3A19200EEBF8E /* AppDelegate.swift */,
				11A664941FB3A19200EEBF8E /* WelcomeController.swift */,
				11A664961FB3A19200EEBF8E /* Main.storyboard */,
				11A664991FB3A19200EEBF8E /* Assets.xcassets */,
				11A6649B1FB3A19200EEBF8E /* LaunchScreen.storyboard */,
				11A6649E1FB3A19200EEBF8E /* Info.plist */,
				11A664DD1FB3B41100EEBF8E /* LoginController.swift */,
				11A664DF1FB3B43900EEBF8E /* RegisterController.swift */,
				11A664E11FB3B44900EEBF8E /* MainController.swift */,
				11A664E31FB3B56700EEBF8E /* RatDataListController.swift */,
				119A35FD1FB3C4690072448F /* EnterDataController.swift */,
				119A35FF1FB3C4A70072448F /* DataDetailController.swift */,
				119A36011FB3C7990072448F /* ChooseDateController.swift */,
				119A36031FB3C83D0072448F /* MapController.swift */,
				119A36051FB3C8660072448F /* GraphController.swift */,
				119A360B1FB3CB2E0072448F /* SharedData.swift */,
				119A360F1FB3D0880072448F /* RatData.swift */,
				119A36111FB3DB8F0072448F /* AuthHandler.swift */,
				119A36131FB3E0780072448F /* DataHandler.swift */,
			);
			path = "PAVYL-iOS";
			sourceTree = "<group>";
		};
		11A664A61FB3A19300EEBF8E /* PAVYL-iOSTests */ = {
			isa = PBXGroup;
			children = (
				11A664A71FB3A19300EEBF8E /* PAVYL_iOSTests.swift */,
				11A664A91FB3A19300EEBF8E /* Info.plist */,
			);
			path = "PAVYL-iOSTests";
			sourceTree = "<group>";
		};
		11A664B11FB3A19300EEBF8E /* PAVYL-iOSUITests */ = {
			isa = PBXGroup;
			children = (
				11A664B21FB3A19300EEBF8E /* PAVYL_iOSUITests.swift */,
				11A664B41FB3A19300EEBF8E /* Info.plist */,
			);
			path = "PAVYL-iOSUITests";
			sourceTree = "<group>";
		};
/* End PBXGroup section */

/* Begin PBXNativeTarget section */
		11A6648E1FB3A19200EEBF8E /* PAVYL-iOS */ = {
			isa = PBXNativeTarget;
			buildConfigurationList = 11A664B71FB3A19300EEBF8E /* Build configuration list for PBXNativeTarget "PAVYL-iOS" */;
			buildPhases = (
				11A6648B1FB3A19200EEBF8E /* Sources */,
				11A6648C1FB3A19200EEBF8E /* Frameworks */,
				11A6648D1FB3A19200EEBF8E /* Resources */,
				11A664CD1FB3AA3A00EEBF8E /* Embed Frameworks */,
			);
			buildRules = (
			);
			dependencies = (
				119A35FC1FB3BC210072448F /* PBXTargetDependency */,
			);
			name = "PAVYL-iOS";
			productName = "PAVYL-iOS";
			productReference = 11A6648F1FB3A19200EEBF8E /* PAVYL-iOS.app */;
			productType = "com.apple.product-type.application";
		};
		11A664A21FB3A19300EEBF8E /* PAVYL-iOSTests */ = {
			isa = PBXNativeTarget;
			buildConfigurationList = 11A664BA1FB3A19300EEBF8E /* Build configuration list for PBXNativeTarget "PAVYL-iOSTests" */;
			buildPhases = (
				11A6649F1FB3A19300EEBF8E /* Sources */,
				11A664A01FB3A19300EEBF8E /* Frameworks */,
				11A664A11FB3A19300EEBF8E /* Resources */,
			);
			buildRules = (
			);
			dependencies = (
				11A664A51FB3A19300EEBF8E /* PBXTargetDependency */,
			);
			name = "PAVYL-iOSTests";
			productName = "PAVYL-iOSTests";
			productReference = 11A664A31FB3A19300EEBF8E /* PAVYL-iOSTests.xctest */;
			productType = "com.apple.product-type.bundle.unit-test";
		};
		11A664AD1FB3A19300EEBF8E /* PAVYL-iOSUITests */ = {
			isa = PBXNativeTarget;
			buildConfigurationList = 11A664BD1FB3A19300EEBF8E /* Build configuration list for PBXNativeTarget "PAVYL-iOSUITests" */;
			buildPhases = (
				11A664AA1FB3A19300EEBF8E /* Sources */,
				11A664AB1FB3A19300EEBF8E /* Frameworks */,
				11A664AC1FB3A19300EEBF8E /* Resources */,
			);
			buildRules = (
			);
			dependencies = (
				11A664B01FB3A19300EEBF8E /* PBXTargetDependency */,
			);
			name = "PAVYL-iOSUITests";
			productName = "PAVYL-iOSUITests";
			productReference = 11A664AE1FB3A19300EEBF8E /* PAVYL-iOSUITests.xctest */;
			productType = "com.apple.product-type.bundle.ui-testing";
		};
/* End PBXNativeTarget section */

/* Begin PBXProject section */
		11A664871FB3A19200EEBF8E /* Project object */ = {
			isa = PBXProject;
			attributes = {
				LastSwiftUpdateCheck = 0910;
				LastUpgradeCheck = 0910;
				ORGANIZATIONNAME = "Aidan Brady";
				TargetAttributes = {
					11A6648E1FB3A19200EEBF8E = {
						CreatedOnToolsVersion = 9.1;
						ProvisioningStyle = Automatic;
					};
					11A664A21FB3A19300EEBF8E = {
						CreatedOnToolsVersion = 9.1;
						ProvisioningStyle = Automatic;
						TestTargetID = 11A6648E1FB3A19200EEBF8E;
					};
					11A664AD1FB3A19300EEBF8E = {
						CreatedOnToolsVersion = 9.1;
						ProvisioningStyle = Automatic;
						TestTargetID = 11A6648E1FB3A19200EEBF8E;
					};
				};
			};
			buildConfigurationList = 11A6648A1FB3A19200EEBF8E /* Build configuration list for PBXProject "PAVYL-iOS" */;
			compatibilityVersion = "Xcode 8.0";
			developmentRegion = en;
			hasScannedForEncodings = 0;
			knownRegions = (
				en,
				Base,
			);
			mainGroup = 11A664861FB3A19200EEBF8E;
			productRefGroup = 11A664901FB3A19200EEBF8E /* Products */;
			projectDirPath = "";
			projectReferences = (
				{
					ProductGroup = 119A35F11FB3BBFD0072448F /* Products */;
					ProjectRef = 119A35F01FB3BBFD0072448F /* Charts.xcodeproj */;
				},
				{
					ProductGroup = 119A35EE1FB3BBC70072448F /* Products */;
					ProjectRef = 119A35ED1FB3BBC70072448F /* PAVYL-iOS.xcodeproj */;
				},
			);
			projectRoot = "";
			targets = (
				11A6648E1FB3A19200EEBF8E /* PAVYL-iOS */,
				11A664A21FB3A19300EEBF8E /* PAVYL-iOSTests */,
				11A664AD1FB3A19300EEBF8E /* PAVYL-iOSUITests */,
			);
		};
/* End PBXProject section */

/* Begin PBXReferenceProxy section */
		119A35F61FB3BBFE0072448F /* Charts.framework */ = {
			isa = PBXReferenceProxy;
			fileType = wrapper.framework;
			path = Charts.framework;
			remoteRef = 119A35F51FB3BBFE0072448F /* PBXContainerItemProxy */;
			sourceTree = BUILT_PRODUCTS_DIR;
		};
		119A35F81FB3BBFE0072448F /* ChartsTests.xctest */ = {
			isa = PBXReferenceProxy;
			fileType = wrapper.cfbundle;
			path = ChartsTests.xctest;
			remoteRef = 119A35F71FB3BBFE0072448F /* PBXContainerItemProxy */;
			sourceTree = BUILT_PRODUCTS_DIR;
		};
/* End PBXReferenceProxy section */

/* Begin PBXResourcesBuildPhase section */
		11A6648D1FB3A19200EEBF8E /* Resources */ = {
			isa = PBXResourcesBuildPhase;
			buildActionMask = 2147483647;
			files = (
				11A6649D1FB3A19200EEBF8E /* LaunchScreen.storyboard in Resources */,
				11A6649A1FB3A19200EEBF8E /* Assets.xcassets in Resources */,
				11A664981FB3A19200EEBF8E /* Main.storyboard in Resources */,
			);
			runOnlyForDeploymentPostprocessing = 0;
		};
		11A664A11FB3A19300EEBF8E /* Resources */ = {
			isa = PBXResourcesBuildPhase;
			buildActionMask = 2147483647;
			files = (
			);
			runOnlyForDeploymentPostprocessing = 0;
		};
		11A664AC1FB3A19300EEBF8E /* Resources */ = {
			isa = PBXResourcesBuildPhase;
			buildActionMask = 2147483647;
			files = (
			);
			runOnlyForDeploymentPostprocessing = 0;
		};
/* End PBXResourcesBuildPhase section */

/* Begin PBXSourcesBuildPhase section */
		11A6648B1FB3A19200EEBF8E /* Sources */ = {
			isa = PBXSourcesBuildPhase;
			buildActionMask = 2147483647;
			files = (
				11A664E01FB3B43900EEBF8E /* RegisterController.swift in Sources */,
				11A664E41FB3B56700EEBF8E /* RatDataListController.swift in Sources */,
				119A35FE1FB3C4690072448F /* EnterDataController.swift in Sources */,
				119A36021FB3C7990072448F /* ChooseDateController.swift in Sources */,
				119A36141FB3E0780072448F /* DataHandler.swift in Sources */,
				119A36081FB3CB020072448F /* NetHandler.swift in Sources */,
				11A664E21FB3B44900EEBF8E /* MainController.swift in Sources */,
				119A36121FB3DB8F0072448F /* AuthHandler.swift in Sources */,
				119A360E1FB3CCB10072448F /* OperationsManager.swift in Sources */,
				11A664951FB3A19200EEBF8E /* WelcomeController.swift in Sources */,
				119A36101FB3D0880072448F /* RatData.swift in Sources */,
				119A360C1FB3CB2E0072448F /* SharedData.swift in Sources */,
				11A664DE1FB3B41100EEBF8E /* LoginController.swift in Sources */,
				119A36061FB3C8660072448F /* GraphController.swift in Sources */,
				119A36001FB3C4A70072448F /* DataDetailController.swift in Sources */,
				119A36041FB3C83D0072448F /* MapController.swift in Sources */,
				11A664931FB3A19200EEBF8E /* AppDelegate.swift in Sources */,
			);
			runOnlyForDeploymentPostprocessing = 0;
		};
		11A6649F1FB3A19300EEBF8E /* Sources */ = {
			isa = PBXSourcesBuildPhase;
			buildActionMask = 2147483647;
			files = (
				11A664A81FB3A19300EEBF8E /* PAVYL_iOSTests.swift in Sources */,
			);
			runOnlyForDeploymentPostprocessing = 0;
		};
		11A664AA1FB3A19300EEBF8E /* Sources */ = {
			isa = PBXSourcesBuildPhase;
			buildActionMask = 2147483647;
			files = (
				11A664B31FB3A19300EEBF8E /* PAVYL_iOSUITests.swift in Sources */,
			);
			runOnlyForDeploymentPostprocessing = 0;
		};
/* End PBXSourcesBuildPhase section */

/* Begin PBXTargetDependency section */
		119A35FC1FB3BC210072448F /* PBXTargetDependency */ = {
			isa = PBXTargetDependency;
			name = Charts;
			targetProxy = 119A35FB1FB3BC210072448F /* PBXContainerItemProxy */;
		};
		11A664A51FB3A19300EEBF8E /* PBXTargetDependency */ = {
			isa = PBXTargetDependency;
			target = 11A6648E1FB3A19200EEBF8E /* PAVYL-iOS */;
			targetProxy = 11A664A41FB3A19300EEBF8E /* PBXContainerItemProxy */;
		};
		11A664B01FB3A19300EEBF8E /* PBXTargetDependency */ = {
			isa = PBXTargetDependency;
			target = 11A6648E1FB3A19200EEBF8E /* PAVYL-iOS */;
			targetProxy = 11A664AF1FB3A19300EEBF8E /* PBXContainerItemProxy */;
		};
/* End PBXTargetDependency section */

/* Begin PBXVariantGroup section */
		11A664961FB3A19200EEBF8E /* Main.storyboard */ = {
			isa = PBXVariantGroup;
			children = (
				11A664971FB3A19200EEBF8E /* Base */,
			);
			name = Main.storyboard;
			sourceTree = "<group>";
		};
		11A6649B1FB3A19200EEBF8E /* LaunchScreen.storyboard */ = {
			isa = PBXVariantGroup;
			children = (
				11A6649C1FB3A19200EEBF8E /* Base */,
			);
			name = LaunchScreen.storyboard;
			sourceTree = "<group>";
		};
/* End PBXVariantGroup section */

/* Begin XCBuildConfiguration section */
		11A664B51FB3A19300EEBF8E /* Debug */ = {
			isa = XCBuildConfiguration;
			buildSettings = {
				ALWAYS_SEARCH_USER_PATHS = NO;
				CLANG_ANALYZER_NONNULL = YES;
				CLANG_ANALYZER_NUMBER_OBJECT_CONVERSION = YES_AGGRESSIVE;
				CLANG_CXX_LANGUAGE_STANDARD = "gnu++14";
				CLANG_CXX_LIBRARY = "libc++";
				CLANG_ENABLE_MODULES = YES;
				CLANG_ENABLE_OBJC_ARC = YES;
				CLANG_WARN_BLOCK_CAPTURE_AUTORELEASING = YES;
				CLANG_WARN_BOOL_CONVERSION = YES;
				CLANG_WARN_COMMA = YES;
				CLANG_WARN_CONSTANT_CONVERSION = YES;
				CLANG_WARN_DIRECT_OBJC_ISA_USAGE = YES_ERROR;
				CLANG_WARN_DOCUMENTATION_COMMENTS = YES;
				CLANG_WARN_EMPTY_BODY = YES;
				CLANG_WARN_ENUM_CONVERSION = YES;
				CLANG_WARN_INFINITE_RECURSION = YES;
				CLANG_WARN_INT_CONVERSION = YES;
				CLANG_WARN_NON_LITERAL_NULL_CONVERSION = YES;
				CLANG_WARN_OBJC_LITERAL_CONVERSION = YES;
				CLANG_WARN_OBJC_ROOT_CLASS = YES_ERROR;
				CLANG_WARN_RANGE_LOOP_ANALYSIS = YES;
				CLANG_WARN_STRICT_PROTOTYPES = YES;
				CLANG_WARN_SUSPICIOUS_MOVE = YES;
				CLANG_WARN_UNGUARDED_AVAILABILITY = YES_AGGRESSIVE;
				CLANG_WARN_UNREACHABLE_CODE = YES;
				CLANG_WARN__DUPLICATE_METHOD_MATCH = YES;
				CODE_SIGN_IDENTITY = "iPhone Developer";
				COPY_PHASE_STRIP = NO;
				DEBUG_INFORMATION_FORMAT = dwarf;
				ENABLE_STRICT_OBJC_MSGSEND = YES;
				ENABLE_TESTABILITY = YES;
				GCC_C_LANGUAGE_STANDARD = gnu11;
				GCC_DYNAMIC_NO_PIC = NO;
				GCC_NO_COMMON_BLOCKS = YES;
				GCC_OPTIMIZATION_LEVEL = 0;
				GCC_PREPROCESSOR_DEFINITIONS = (
					"DEBUG=1",
					"$(inherited)",
				);
				GCC_WARN_64_TO_32_BIT_CONVERSION = YES;
				GCC_WARN_ABOUT_RETURN_TYPE = YES_ERROR;
				GCC_WARN_UNDECLARED_SELECTOR = YES;
				GCC_WARN_UNINITIALIZED_AUTOS = YES_AGGRESSIVE;
				GCC_WARN_UNUSED_FUNCTION = YES;
				GCC_WARN_UNUSED_VARIABLE = YES;
				IPHONEOS_DEPLOYMENT_TARGET = 11.1;
				MTL_ENABLE_DEBUG_INFO = YES;
				ONLY_ACTIVE_ARCH = YES;
				SDKROOT = iphoneos;
				SWIFT_ACTIVE_COMPILATION_CONDITIONS = DEBUG;
				SWIFT_OPTIMIZATION_LEVEL = "-Onone";
			};
			name = Debug;
		};
		11A664B61FB3A19300EEBF8E /* Release */ = {
			isa = XCBuildConfiguration;
			buildSettings = {
				ALWAYS_SEARCH_USER_PATHS = NO;
				CLANG_ANALYZER_NONNULL = YES;
				CLANG_ANALYZER_NUMBER_OBJECT_CONVERSION = YES_AGGRESSIVE;
				CLANG_CXX_LANGUAGE_STANDARD = "gnu++14";
				CLANG_CXX_LIBRARY = "libc++";
				CLANG_ENABLE_MODULES = YES;
				CLANG_ENABLE_OBJC_ARC = YES;
				CLANG_WARN_BLOCK_CAPTURE_AUTORELEASING = YES;
				CLANG_WARN_BOOL_CONVERSION = YES;
				CLANG_WARN_COMMA = YES;
				CLANG_WARN_CONSTANT_CONVERSION = YES;
				CLANG_WARN_DIRECT_OBJC_ISA_USAGE = YES_ERROR;
				CLANG_WARN_DOCUMENTATION_COMMENTS = YES;
				CLANG_WARN_EMPTY_BODY = YES;
				CLANG_WARN_ENUM_CONVERSION = YES;
				CLANG_WARN_INFINITE_RECURSION = YES;
				CLANG_WARN_INT_CONVERSION = YES;
				CLANG_WARN_NON_LITERAL_NULL_CONVERSION = YES;
				CLANG_WARN_OBJC_LITERAL_CONVERSION = YES;
				CLANG_WARN_OBJC_ROOT_CLASS = YES_ERROR;
				CLANG_WARN_RANGE_LOOP_ANALYSIS = YES;
				CLANG_WARN_STRICT_PROTOTYPES = YES;
				CLANG_WARN_SUSPICIOUS_MOVE = YES;
				CLANG_WARN_UNGUARDED_AVAILABILITY = YES_AGGRESSIVE;
				CLANG_WARN_UNREACHABLE_CODE = YES;
				CLANG_WARN__DUPLICATE_METHOD_MATCH = YES;
				CODE_SIGN_IDENTITY = "iPhone Developer";
				COPY_PHASE_STRIP = NO;
				DEBUG_INFORMATION_FORMAT = "dwarf-with-dsym";
				ENABLE_NS_ASSERTIONS = NO;
				ENABLE_STRICT_OBJC_MSGSEND = YES;
				GCC_C_LANGUAGE_STANDARD = gnu11;
				GCC_NO_COMMON_BLOCKS = YES;
				GCC_WARN_64_TO_32_BIT_CONVERSION = YES;
				GCC_WARN_ABOUT_RETURN_TYPE = YES_ERROR;
				GCC_WARN_UNDECLARED_SELECTOR = YES;
				GCC_WARN_UNINITIALIZED_AUTOS = YES_AGGRESSIVE;
				GCC_WARN_UNUSED_FUNCTION = YES;
				GCC_WARN_UNUSED_VARIABLE = YES;
				IPHONEOS_DEPLOYMENT_TARGET = 11.1;
				MTL_ENABLE_DEBUG_INFO = NO;
				SDKROOT = iphoneos;
				SWIFT_OPTIMIZATION_LEVEL = "-Owholemodule";
				VALIDATE_PRODUCT = YES;
			};
			name = Release;
		};
		11A664B81FB3A19300EEBF8E /* Debug */ = {
			isa = XCBuildConfiguration;
			buildSettings = {
				ALWAYS_EMBED_SWIFT_STANDARD_LIBRARIES = YES;
				ASSETCATALOG_COMPILER_APPICON_NAME = AppIcon;
				CODE_SIGN_STYLE = Automatic;
				DEVELOPMENT_TEAM = VBY56UWVE3;
				INFOPLIST_FILE = "PAVYL-iOS/Info.plist";
				LD_RUNPATH_SEARCH_PATHS = "$(inherited) @executable_path/Frameworks";
				PRODUCT_BUNDLE_IDENTIFIER = "com.aidancbrady.PAVYL-iOS";
				PRODUCT_NAME = "$(TARGET_NAME)";
				SWIFT_VERSION = 4.0;
				TARGETED_DEVICE_FAMILY = "1,2";
			};
			name = Debug;
		};
		11A664B91FB3A19300EEBF8E /* Release */ = {
			isa = XCBuildConfiguration;
			buildSettings = {
				ALWAYS_EMBED_SWIFT_STANDARD_LIBRARIES = YES;
				ASSETCATALOG_COMPILER_APPICON_NAME = AppIcon;
				CODE_SIGN_STYLE = Automatic;
				DEVELOPMENT_TEAM = VBY56UWVE3;
				INFOPLIST_FILE = "PAVYL-iOS/Info.plist";
				LD_RUNPATH_SEARCH_PATHS = "$(inherited) @executable_path/Frameworks";
				PRODUCT_BUNDLE_IDENTIFIER = "com.aidancbrady.PAVYL-iOS";
				PRODUCT_NAME = "$(TARGET_NAME)";
				SWIFT_VERSION = 4.0;
				TARGETED_DEVICE_FAMILY = "1,2";
			};
			name = Release;
		};
		11A664BB1FB3A19300EEBF8E /* Debug */ = {
			isa = XCBuildConfiguration;
			buildSettings = {
				ALWAYS_EMBED_SWIFT_STANDARD_LIBRARIES = YES;
				BUNDLE_LOADER = "$(TEST_HOST)";
				CODE_SIGN_STYLE = Automatic;
				DEVELOPMENT_TEAM = VBY56UWVE3;
				INFOPLIST_FILE = "PAVYL-iOSTests/Info.plist";
				LD_RUNPATH_SEARCH_PATHS = "$(inherited) @executable_path/Frameworks @loader_path/Frameworks";
				PRODUCT_BUNDLE_IDENTIFIER = "com.aidancbrady.PAVYL-iOSTests";
				PRODUCT_NAME = "$(TARGET_NAME)";
				SWIFT_VERSION = 4.0;
				TARGETED_DEVICE_FAMILY = "1,2";
				TEST_HOST = "$(BUILT_PRODUCTS_DIR)/PAVYL-iOS.app/PAVYL-iOS";
			};
			name = Debug;
		};
		11A664BC1FB3A19300EEBF8E /* Release */ = {
			isa = XCBuildConfiguration;
			buildSettings = {
				ALWAYS_EMBED_SWIFT_STANDARD_LIBRARIES = YES;
				BUNDLE_LOADER = "$(TEST_HOST)";
				CODE_SIGN_STYLE = Automatic;
				DEVELOPMENT_TEAM = VBY56UWVE3;
				INFOPLIST_FILE = "PAVYL-iOSTests/Info.plist";
				LD_RUNPATH_SEARCH_PATHS = "$(inherited) @executable_path/Frameworks @loader_path/Frameworks";
				PRODUCT_BUNDLE_IDENTIFIER = "com.aidancbrady.PAVYL-iOSTests";
				PRODUCT_NAME = "$(TARGET_NAME)";
				SWIFT_VERSION = 4.0;
				TARGETED_DEVICE_FAMILY = "1,2";
				TEST_HOST = "$(BUILT_PRODUCTS_DIR)/PAVYL-iOS.app/PAVYL-iOS";
			};
			name = Release;
		};
		11A664BE1FB3A19300EEBF8E /* Debug */ = {
			isa = XCBuildConfiguration;
			buildSettings = {
				ALWAYS_EMBED_SWIFT_STANDARD_LIBRARIES = YES;
				CODE_SIGN_STYLE = Automatic;
				DEVELOPMENT_TEAM = VBY56UWVE3;
				INFOPLIST_FILE = "PAVYL-iOSUITests/Info.plist";
				LD_RUNPATH_SEARCH_PATHS = "$(inherited) @executable_path/Frameworks @loader_path/Frameworks";
				PRODUCT_BUNDLE_IDENTIFIER = "com.aidancbrady.PAVYL-iOSUITests";
				PRODUCT_NAME = "$(TARGET_NAME)";
				SWIFT_VERSION = 4.0;
				TARGETED_DEVICE_FAMILY = "1,2";
				TEST_TARGET_NAME = "PAVYL-iOS";
			};
			name = Debug;
		};
		11A664BF1FB3A19300EEBF8E /* Release */ = {
			isa = XCBuildConfiguration;
			buildSettings = {
				ALWAYS_EMBED_SWIFT_STANDARD_LIBRARIES = YES;
				CODE_SIGN_STYLE = Automatic;
				DEVELOPMENT_TEAM = VBY56UWVE3;
				INFOPLIST_FILE = "PAVYL-iOSUITests/Info.plist";
				LD_RUNPATH_SEARCH_PATHS = "$(inherited) @executable_path/Frameworks @loader_path/Frameworks";
				PRODUCT_BUNDLE_IDENTIFIER = "com.aidancbrady.PAVYL-iOSUITests";
				PRODUCT_NAME = "$(TARGET_NAME)";
				SWIFT_VERSION = 4.0;
				TARGETED_DEVICE_FAMILY = "1,2";
				TEST_TARGET_NAME = "PAVYL-iOS";
			};
			name = Release;
		};
/* End XCBuildConfiguration section */

/* Begin XCConfigurationList section */
		11A6648A1FB3A19200EEBF8E /* Build configuration list for PBXProject "PAVYL-iOS" */ = {
			isa = XCConfigurationList;
			buildConfigurations = (
				11A664B51FB3A19300EEBF8E /* Debug */,
				11A664B61FB3A19300EEBF8E /* Release */,
			);
			defaultConfigurationIsVisible = 0;
			defaultConfigurationName = Release;
		};
		11A664B71FB3A19300EEBF8E /* Build configuration list for PBXNativeTarget "PAVYL-iOS" */ = {
			isa = XCConfigurationList;
			buildConfigurations = (
				11A664B81FB3A19300EEBF8E /* Debug */,
				11A664B91FB3A19300EEBF8E /* Release */,
			);
			defaultConfigurationIsVisible = 0;
			defaultConfigurationName = Release;
		};
		11A664BA1FB3A19300EEBF8E /* Build configuration list for PBXNativeTarget "PAVYL-iOSTests" */ = {
			isa = XCConfigurationList;
			buildConfigurations = (
				11A664BB1FB3A19300EEBF8E /* Debug */,
				11A664BC1FB3A19300EEBF8E /* Release */,
			);
			defaultConfigurationIsVisible = 0;
			defaultConfigurationName = Release;
		};
		11A664BD1FB3A19300EEBF8E /* Build configuration list for PBXNativeTarget "PAVYL-iOSUITests" */ = {
			isa = XCConfigurationList;
			buildConfigurations = (
				11A664BE1FB3A19300EEBF8E /* Debug */,
				11A664BF1FB3A19300EEBF8E /* Release */,
			);
			defaultConfigurationIsVisible = 0;
			defaultConfigurationName = Release;
		};
/* End XCConfigurationList section */
	};
	rootObject = 11A664871FB3A19200EEBF8E /* Project object */;
}
